
Microsoft Visual Studio Solution File, Format Version 12.00
# Visual Studio Version 17
VisualStudioVersion = 17.9.34701.34
MinimumVisualStudioVersion = 10.0.40219.1
Project("{FAE04EC0-301F-11D3-BF4B-00C04F79EFBC}") = "ListViewRefreshApp", "ListViewRefreshApp.csproj", "{FC76CF59-6821-4743-A516-CEF04BAD2225}"
EndProject
Global
	GlobalSection(SolutionConfigurationPlatforms) = preSolution
		Debug|Any CPU = Debug|Any CPU
		Release|Any CPU = Release|Any CPU
	EndGlobalSection
	GlobalSection(ProjectConfigurationPlatforms) = postSolution
		{FC76CF59-6821-4743-A516-CEF04BAD2225}.Debug|Any CPU.ActiveCfg = Debug|Any CPU
		{FC76CF59-6821-4743-A516-CEF04BAD2225}.Debug|Any CPU.Build.0 = Debug|Any CPU
		{FC76CF59-6821-4743-A516-CEF04BAD2225}.Debug|Any CPU.Deploy.0 = Debug|Any CPU
		{FC76CF59-6821-4743-A516-CEF04BAD2225}.Release|Any CPU.ActiveCfg = Release|Any CPU
		{FC76CF59-6821-4743-A516-CEF04BAD2225}.Release|Any CPU.Build.0 = Release|Any CPU
		{FC76CF59-6821-4743-A516-CEF04BAD2225}.Release|Any CPU.Deploy.0 = Release|Any CPU
	EndGlobalSection
	GlobalSection(SolutionProperties) = preSolution
		HideSolutionNode = FALSE
	EndGlobalSection
	GlobalSection(ExtensibilityGlobals) = postSolution
		SolutionGuid = {EB10B5F5-7902-4955-B180-E71E0BD934E8}
	EndGlobalSection
EndGlobal
